
Microsoft Visual Studio Solution File, Format Version 12.00
# Visual Studio 15
VisualStudioVersion = 15.0.28010.2016
MinimumVisualStudioVersion = 10.0.40219.1
Project("{9A19103F-16F7-4668-BE54-9A1E7A4F7556}") = "ORM", "ORM\ORM.csproj", "{8FBEF84A-2053-4E44-A53E-2EB80971B4C4}"
EndProject
Project("{9A19103F-16F7-4668-BE54-9A1E7A4F7556}") = "RunnableProjectForTesting", "RunnableProjectForTesting\RunnableProjectForTesting.csproj", "{4301ECCD-F315-4C74-A335-483600006C31}"
EndProject
Project("{9A19103F-16F7-4668-BE54-9A1E7A4F7556}") = "IntegrationTests", "IntegrationTests\IntegrationTests.csproj", "{F7231FB6-3ACA-4B9D-915A-4322491218A6}"
EndProject
Project("{9A19103F-16F7-4668-BE54-9A1E7A4F7556}") = "DatabaseDriver.Interfaces", "DatabaseDriver.Interfaces\DatabaseDriver.Interfaces.csproj", "{0835D927-56F3-4CBE-8625-1E12DACD8CA8}"
EndProject
Project("{9A19103F-16F7-4668-BE54-9A1E7A4F7556}") = "SqlStatementBuilder.Interfaces", "SqlStatementBuilder.Interfaces\SqlStatementBuilder.Interfaces.csproj", "{6E81EE79-EBAD-40C0-878B-0CE8AAA7F029}"
EndProject
Project("{9A19103F-16F7-4668-BE54-9A1E7A4F7556}") = "SqlStatementBuilder", "SqlStatementBuilder\SqlStatementBuilder.csproj", "{2C935F26-373F-4A45-B87E-14CE32BEECCC}"
EndProject
Project("{9A19103F-16F7-4668-BE54-9A1E7A4F7556}") = "SqlStatementBuilder.Unit.Tests", "SqlStatementBuilder.Unit.Tests\SqlStatementBuilder.Unit.Tests.csproj", "{CBFD4C0F-E440-4B40-AEF3-81DDD7C5E8B2}"
EndProject
Project("{9A19103F-16F7-4668-BE54-9A1E7A4F7556}") = "DatabaseDriver", "DatabaseDriver\DatabaseDriver.csproj", "{953F099A-E5D7-4A59-B247-F7A915603EE3}"
EndProject
Project("{FAE04EC0-301F-11D3-BF4B-00C04F79EFBC}") = "ChangerTracker.Interfaces", "ChangerTracker.Interfaces\ChangerTracker.Interfaces.csproj", "{2062E28E-6DF9-4FD0-8BBB-646DE8431F1F}"
EndProject
Project("{FAE04EC0-301F-11D3-BF4B-00C04F79EFBC}") = "ChangeTracker.Entities", "ChangeTracker.Entities\ChangeTracker.Entities.csproj", "{91D9F4A9-0493-4EEC-BB7A-07218BBFF40C}"
EndProject
Project("{FAE04EC0-301F-11D3-BF4B-00C04F79EFBC}") = "ChangeTracker", "ChangeTracker\ChangeTracker.csproj", "{DDE0B92D-2196-495A-909C-8B0048130BDD}"
EndProject
Project("{FAE04EC0-301F-11D3-BF4B-00C04F79EFBC}") = "ORM.Utilities", "ORM.Utilities\ORM.Utilities.csproj", "{3FC195E7-B089-47AA-8541-7AC57AE195FE}"
EndProject
Project("{FAE04EC0-301F-11D3-BF4B-00C04F79EFBC}") = "ORM.Attributes", "ORM.Attributes\ORM.Attributes.csproj", "{EC93E58C-EDEB-402D-9985-C793956298AE}"
EndProject
Global
	GlobalSection(SolutionConfigurationPlatforms) = preSolution
		Debug|Any CPU = Debug|Any CPU
		Release|Any CPU = Release|Any CPU
	EndGlobalSection
	GlobalSection(ProjectConfigurationPlatforms) = postSolution
		{8FBEF84A-2053-4E44-A53E-2EB80971B4C4}.Debug|Any CPU.ActiveCfg = Debug|Any CPU
		{8FBEF84A-2053-4E44-A53E-2EB80971B4C4}.Debug|Any CPU.Build.0 = Debug|Any CPU
		{8FBEF84A-2053-4E44-A53E-2EB80971B4C4}.Release|Any CPU.ActiveCfg = Release|Any CPU
		{8FBEF84A-2053-4E44-A53E-2EB80971B4C4}.Release|Any CPU.Build.0 = Release|Any CPU
		{4301ECCD-F315-4C74-A335-483600006C31}.Debug|Any CPU.ActiveCfg = Debug|Any CPU
		{4301ECCD-F315-4C74-A335-483600006C31}.Debug|Any CPU.Build.0 = Debug|Any CPU
		{4301ECCD-F315-4C74-A335-483600006C31}.Release|Any CPU.ActiveCfg = Release|Any CPU
		{4301ECCD-F315-4C74-A335-483600006C31}.Release|Any CPU.Build.0 = Release|Any CPU
		{F7231FB6-3ACA-4B9D-915A-4322491218A6}.Debug|Any CPU.ActiveCfg = Debug|Any CPU
		{F7231FB6-3ACA-4B9D-915A-4322491218A6}.Debug|Any CPU.Build.0 = Debug|Any CPU
		{F7231FB6-3ACA-4B9D-915A-4322491218A6}.Release|Any CPU.ActiveCfg = Release|Any CPU
		{F7231FB6-3ACA-4B9D-915A-4322491218A6}.Release|Any CPU.Build.0 = Release|Any CPU
		{0835D927-56F3-4CBE-8625-1E12DACD8CA8}.Debug|Any CPU.ActiveCfg = Debug|Any CPU
		{0835D927-56F3-4CBE-8625-1E12DACD8CA8}.Debug|Any CPU.Build.0 = Debug|Any CPU
		{0835D927-56F3-4CBE-8625-1E12DACD8CA8}.Release|Any CPU.ActiveCfg = Release|Any CPU
		{0835D927-56F3-4CBE-8625-1E12DACD8CA8}.Release|Any CPU.Build.0 = Release|Any CPU
		{6E81EE79-EBAD-40C0-878B-0CE8AAA7F029}.Debug|Any CPU.ActiveCfg = Debug|Any CPU
		{6E81EE79-EBAD-40C0-878B-0CE8AAA7F029}.Debug|Any CPU.Build.0 = Debug|Any CPU
		{6E81EE79-EBAD-40C0-878B-0CE8AAA7F029}.Release|Any CPU.ActiveCfg = Release|Any CPU
		{6E81EE79-EBAD-40C0-878B-0CE8AAA7F029}.Release|Any CPU.Build.0 = Release|Any CPU
		{2C935F26-373F-4A45-B87E-14CE32BEECCC}.Debug|Any CPU.ActiveCfg = Debug|Any CPU
		{2C935F26-373F-4A45-B87E-14CE32BEECCC}.Debug|Any CPU.Build.0 = Debug|Any CPU
		{2C935F26-373F-4A45-B87E-14CE32BEECCC}.Release|Any CPU.ActiveCfg = Release|Any CPU
		{2C935F26-373F-4A45-B87E-14CE32BEECCC}.Release|Any CPU.Build.0 = Release|Any CPU
		{CBFD4C0F-E440-4B40-AEF3-81DDD7C5E8B2}.Debug|Any CPU.ActiveCfg = Debug|Any CPU
		{CBFD4C0F-E440-4B40-AEF3-81DDD7C5E8B2}.Debug|Any CPU.Build.0 = Debug|Any CPU
		{CBFD4C0F-E440-4B40-AEF3-81DDD7C5E8B2}.Release|Any CPU.ActiveCfg = Release|Any CPU
		{CBFD4C0F-E440-4B40-AEF3-81DDD7C5E8B2}.Release|Any CPU.Build.0 = Release|Any CPU
		{953F099A-E5D7-4A59-B247-F7A915603EE3}.Debug|Any CPU.ActiveCfg = Debug|Any CPU
		{953F099A-E5D7-4A59-B247-F7A915603EE3}.Debug|Any CPU.Build.0 = Debug|Any CPU
		{953F099A-E5D7-4A59-B247-F7A915603EE3}.Release|Any CPU.ActiveCfg = Release|Any CPU
		{953F099A-E5D7-4A59-B247-F7A915603EE3}.Release|Any CPU.Build.0 = Release|Any CPU
		{2062E28E-6DF9-4FD0-8BBB-646DE8431F1F}.Debug|Any CPU.ActiveCfg = Debug|Any CPU
		{2062E28E-6DF9-4FD0-8BBB-646DE8431F1F}.Debug|Any CPU.Build.0 = Debug|Any CPU
		{2062E28E-6DF9-4FD0-8BBB-646DE8431F1F}.Release|Any CPU.ActiveCfg = Release|Any CPU
		{2062E28E-6DF9-4FD0-8BBB-646DE8431F1F}.Release|Any CPU.Build.0 = Release|Any CPU
		{91D9F4A9-0493-4EEC-BB7A-07218BBFF40C}.Debug|Any CPU.ActiveCfg = Debug|Any CPU
		{91D9F4A9-0493-4EEC-BB7A-07218BBFF40C}.Debug|Any CPU.Build.0 = Debug|Any CPU
		{91D9F4A9-0493-4EEC-BB7A-07218BBFF40C}.Release|Any CPU.ActiveCfg = Release|Any CPU
		{91D9F4A9-0493-4EEC-BB7A-07218BBFF40C}.Release|Any CPU.Build.0 = Release|Any CPU
		{DDE0B92D-2196-495A-909C-8B0048130BDD}.Debug|Any CPU.ActiveCfg = Debug|Any CPU
		{DDE0B92D-2196-495A-909C-8B0048130BDD}.Debug|Any CPU.Build.0 = Debug|Any CPU
		{DDE0B92D-2196-495A-909C-8B0048130BDD}.Release|Any CPU.ActiveCfg = Release|Any CPU
		{DDE0B92D-2196-495A-909C-8B0048130BDD}.Release|Any CPU.Build.0 = Release|Any CPU
		{3FC195E7-B089-47AA-8541-7AC57AE195FE}.Debug|Any CPU.ActiveCfg = Debug|Any CPU
		{3FC195E7-B089-47AA-8541-7AC57AE195FE}.Debug|Any CPU.Build.0 = Debug|Any CPU
		{3FC195E7-B089-47AA-8541-7AC57AE195FE}.Release|Any CPU.ActiveCfg = Release|Any CPU
		{3FC195E7-B089-47AA-8541-7AC57AE195FE}.Release|Any CPU.Build.0 = Release|Any CPU
		{EC93E58C-EDEB-402D-9985-C793956298AE}.Debug|Any CPU.ActiveCfg = Debug|Any CPU
		{EC93E58C-EDEB-402D-9985-C793956298AE}.Debug|Any CPU.Build.0 = Debug|Any CPU
		{EC93E58C-EDEB-402D-9985-C793956298AE}.Release|Any CPU.ActiveCfg = Release|Any CPU
		{EC93E58C-EDEB-402D-9985-C793956298AE}.Release|Any CPU.Build.0 = Release|Any CPU
	EndGlobalSection
	GlobalSection(SolutionProperties) = preSolution
		HideSolutionNode = FALSE
	EndGlobalSection
	GlobalSection(ExtensibilityGlobals) = postSolution
		SolutionGuid = {EBBAB422-B40D-4E96-97E7-13D3CEF5B388}
	EndGlobalSection
EndGlobal
